
Microsoft Visual Studio Solution File, Format Version 11.00
# Visual Studio 2010
Project("{FAE04EC0-301F-11D3-BF4B-00C04F79EFBC}") = "EnglishExtWeb", "EnglishExtWeb\EnglishExtWeb.csproj", "{5F813144-AC27-420B-A034-1F47E5E7CF0A}"
EndProject
Project("{FAE04EC0-301F-11D3-BF4B-00C04F79EFBC}") = "EnglishExEntities", "..\EnglishExEntities\EnglishExEntities.csproj", "{0D4A2442-917E-41EE-ADA9-7C123C769588}"
EndProject
Project("{FAE04EC0-301F-11D3-BF4B-00C04F79EFBC}") = "EnglishExPresentation", "..\EnglishExPresentation\EnglishExPresentation.csproj", "{AB5F0D1D-39EC-4380-A111-FA9950F6FDB2}"
EndProject
Project("{FAE04EC0-301F-11D3-BF4B-00C04F79EFBC}") = "EnglishExPresentationTest", "..\EnglishExPresentationTest\EnglishExPresentationTest.csproj", "{4C95800C-76F6-4F0E-994D-99B1E588DBC2}"
EndProject
Project("{2150E333-8FDC-42A3-9474-1A3956D46DE8}") = "Solution Items", "Solution Items", "{0F73B36D-D055-46C3-96FC-3C9D3EC1BE85}"
	ProjectSection(SolutionItems) = preProject
		EnglishExtWeb.vsmdi = EnglishExtWeb.vsmdi
		Local.testsettings = Local.testsettings
		TraceAndTestImpact.testsettings = TraceAndTestImpact.testsettings
	EndProjectSection
EndProject
Project("{FAE04EC0-301F-11D3-BF4B-00C04F79EFBC}") = "EnglishExWPFClient", "..\EnglishExWPFClient\EnglishExWPFClient.csproj", "{CE48CBC4-D514-4B74-BA20-9D5649AAEF45}"
	ProjectSection(ProjectDependencies) = postProject
		{5F813144-AC27-420B-A034-1F47E5E7CF0A} = {5F813144-AC27-420B-A034-1F47E5E7CF0A}
	EndProjectSection
EndProject
Global
	GlobalSection(TestCaseManagementSettings) = postSolution
		CategoryFile = EnglishExtWeb.vsmdi
	EndGlobalSection
	GlobalSection(SolutionConfigurationPlatforms) = preSolution
		Debug|Any CPU = Debug|Any CPU
		Debug|Mixed Platforms = Debug|Mixed Platforms
		Debug|x86 = Debug|x86
		Release|Any CPU = Release|Any CPU
		Release|Mixed Platforms = Release|Mixed Platforms
		Release|x86 = Release|x86
	EndGlobalSection
	GlobalSection(ProjectConfigurationPlatforms) = postSolution
		{5F813144-AC27-420B-A034-1F47E5E7CF0A}.Debug|Any CPU.ActiveCfg = Debug|Any CPU
		{5F813144-AC27-420B-A034-1F47E5E7CF0A}.Debug|Any CPU.Build.0 = Debug|Any CPU
		{5F813144-AC27-420B-A034-1F47E5E7CF0A}.Debug|Mixed Platforms.ActiveCfg = Debug|Any CPU
		{5F813144-AC27-420B-A034-1F47E5E7CF0A}.Debug|Mixed Platforms.Build.0 = Debug|Any CPU
		{5F813144-AC27-420B-A034-1F47E5E7CF0A}.Debug|x86.ActiveCfg = Debug|Any CPU
		{5F813144-AC27-420B-A034-1F47E5E7CF0A}.Release|Any CPU.ActiveCfg = Release|Any CPU
		{5F813144-AC27-420B-A034-1F47E5E7CF0A}.Release|Any CPU.Build.0 = Release|Any CPU
		{5F813144-AC27-420B-A034-1F47E5E7CF0A}.Release|Mixed Platforms.ActiveCfg = Release|Any CPU
		{5F813144-AC27-420B-A034-1F47E5E7CF0A}.Release|Mixed Platforms.Build.0 = Release|Any CPU
		{5F813144-AC27-420B-A034-1F47E5E7CF0A}.Release|x86.ActiveCfg = Release|Any CPU
		{0D4A2442-917E-41EE-ADA9-7C123C769588}.Debug|Any CPU.ActiveCfg = Debug|Any CPU
		{0D4A2442-917E-41EE-ADA9-7C123C769588}.Debug|Any CPU.Build.0 = Debug|Any CPU
		{0D4A2442-917E-41EE-ADA9-7C123C769588}.Debug|Mixed Platforms.ActiveCfg = Debug|Any CPU
		{0D4A2442-917E-41EE-ADA9-7C123C769588}.Debug|Mixed Platforms.Build.0 = Debug|Any CPU
		{0D4A2442-917E-41EE-ADA9-7C123C769588}.Debug|x86.ActiveCfg = Debug|Any CPU
		{0D4A2442-917E-41EE-ADA9-7C123C769588}.Release|Any CPU.ActiveCfg = Release|Any CPU
		{0D4A2442-917E-41EE-ADA9-7C123C769588}.Release|Any CPU.Build.0 = Release|Any CPU
		{0D4A2442-917E-41EE-ADA9-7C123C769588}.Release|Mixed Platforms.ActiveCfg = Release|Any CPU
		{0D4A2442-917E-41EE-ADA9-7C123C769588}.Release|Mixed Platforms.Build.0 = Release|Any CPU
		{0D4A2442-917E-41EE-ADA9-7C123C769588}.Release|x86.ActiveCfg = Release|Any CPU
		{AB5F0D1D-39EC-4380-A111-FA9950F6FDB2}.Debug|Any CPU.ActiveCfg = Debug|Any CPU
		{AB5F0D1D-39EC-4380-A111-FA9950F6FDB2}.Debug|Any CPU.Build.0 = Debug|Any CPU
		{AB5F0D1D-39EC-4380-A111-FA9950F6FDB2}.Debug|Mixed Platforms.ActiveCfg = Debug|Any CPU
		{AB5F0D1D-39EC-4380-A111-FA9950F6FDB2}.Debug|Mixed Platforms.Build.0 = Debug|Any CPU
		{AB5F0D1D-39EC-4380-A111-FA9950F6FDB2}.Debug|x86.ActiveCfg = Debug|Any CPU
		{AB5F0D1D-39EC-4380-A111-FA9950F6FDB2}.Release|Any CPU.ActiveCfg = Release|Any CPU
		{AB5F0D1D-39EC-4380-A111-FA9950F6FDB2}.Release|Any CPU.Build.0 = Release|Any CPU
		{AB5F0D1D-39EC-4380-A111-FA9950F6FDB2}.Release|Mixed Platforms.ActiveCfg = Release|Any CPU
		{AB5F0D1D-39EC-4380-A111-FA9950F6FDB2}.Release|Mixed Platforms.Build.0 = Release|Any CPU
		{AB5F0D1D-39EC-4380-A111-FA9950F6FDB2}.Release|x86.ActiveCfg = Release|Any CPU
		{4C95800C-76F6-4F0E-994D-99B1E588DBC2}.Debug|Any CPU.ActiveCfg = Debug|Any CPU
		{4C95800C-76F6-4F0E-994D-99B1E588DBC2}.Debug|Any CPU.Build.0 = Debug|Any CPU
		{4C95800C-76F6-4F0E-994D-99B1E588DBC2}.Debug|Mixed Platforms.ActiveCfg = Debug|Any CPU
		{4C95800C-76F6-4F0E-994D-99B1E588DBC2}.Debug|Mixed Platforms.Build.0 = Debug|Any CPU
		{4C95800C-76F6-4F0E-994D-99B1E588DBC2}.Debug|x86.ActiveCfg = Debug|Any CPU
		{4C95800C-76F6-4F0E-994D-99B1E588DBC2}.Release|Any CPU.ActiveCfg = Release|Any CPU
		{4C95800C-76F6-4F0E-994D-99B1E588DBC2}.Release|Any CPU.Build.0 = Release|Any CPU
		{4C95800C-76F6-4F0E-994D-99B1E588DBC2}.Release|Mixed Platforms.ActiveCfg = Release|Any CPU
		{4C95800C-76F6-4F0E-994D-99B1E588DBC2}.Release|Mixed Platforms.Build.0 = Release|Any CPU
		{4C95800C-76F6-4F0E-994D-99B1E588DBC2}.Release|x86.ActiveCfg = Release|Any CPU
		{CE48CBC4-D514-4B74-BA20-9D5649AAEF45}.Debug|Any CPU.ActiveCfg = Debug|x86
		{CE48CBC4-D514-4B74-BA20-9D5649AAEF45}.Debug|Mixed Platforms.ActiveCfg = Debug|x86
		{CE48CBC4-D514-4B74-BA20-9D5649AAEF45}.Debug|Mixed Platforms.Build.0 = Debug|x86
		{CE48CBC4-D514-4B74-BA20-9D5649AAEF45}.Debug|x86.ActiveCfg = Debug|x86
		{CE48CBC4-D514-4B74-BA20-9D5649AAEF45}.Debug|x86.Build.0 = Debug|x86
		{CE48CBC4-D514-4B74-BA20-9D5649AAEF45}.Release|Any CPU.ActiveCfg = Release|x86
		{CE48CBC4-D514-4B74-BA20-9D5649AAEF45}.Release|Mixed Platforms.ActiveCfg = Release|x86
		{CE48CBC4-D514-4B74-BA20-9D5649AAEF45}.Release|Mixed Platforms.Build.0 = Release|x86
		{CE48CBC4-D514-4B74-BA20-9D5649AAEF45}.Release|x86.ActiveCfg = Release|x86
		{CE48CBC4-D514-4B74-BA20-9D5649AAEF45}.Release|x86.Build.0 = Release|x86
	EndGlobalSection
	GlobalSection(SolutionProperties) = preSolution
		HideSolutionNode = FALSE
	EndGlobalSection
EndGlobal
